
Microsoft Visual Studio Solution File, Format Version 12.00
# Visual Studio Version 17
VisualStudioVersion = 17.14.36518.9
MinimumVisualStudioVersion = 10.0.40219.1
Project("{54A90642-561A-4BB1-A94E-469ADEE60C69}") = "itqtestapp.client", "itqtestapp.client\itqtestapp.client.esproj", "{5693CB52-7B61-BC10-24EE-E812033BFD90}"
EndProject
Project("{FAE04EC0-301F-11D3-BF4B-00C04F79EFBC}") = "ITQTestApp.API", "ITQTestApp.Server\ITQTestApp.API.csproj", "{2676CDC5-02F2-41EA-B433-FC33D7C73503}"
EndProject
Project("{FAE04EC0-301F-11D3-BF4B-00C04F79EFBC}") = "ITQTestApp.Infrastructure", "ITQTestApp.Infrastructure\ITQTestApp.Infrastructure.csproj", "{1D1FD6AD-B873-483D-9CBC-463FB5AFC538}"
EndProject
Project("{FAE04EC0-301F-11D3-BF4B-00C04F79EFBC}") = "ITQTestApp.Domain", "ITQTestApp.Domain\ITQTestApp.Domain.csproj", "{66284AE2-E1FB-4168-A979-EFC4FF8E2518}"
EndProject
Project("{FAE04EC0-301F-11D3-BF4B-00C04F79EFBC}") = "ITQTestApp.Application", "ITQTestApp.Application\ITQTestApp.Application.csproj", "{61847CAE-3FBB-44D9-9B12-4389B96AA797}"
EndProject
Global
	GlobalSection(SolutionConfigurationPlatforms) = preSolution
		Debug|Any CPU = Debug|Any CPU
		Release|Any CPU = Release|Any CPU
	EndGlobalSection
	GlobalSection(ProjectConfigurationPlatforms) = postSolution
		{5693CB52-7B61-BC10-24EE-E812033BFD90}.Debug|Any CPU.ActiveCfg = Debug|Any CPU
		{5693CB52-7B61-BC10-24EE-E812033BFD90}.Debug|Any CPU.Build.0 = Debug|Any CPU
		{5693CB52-7B61-BC10-24EE-E812033BFD90}.Debug|Any CPU.Deploy.0 = Debug|Any CPU
		{5693CB52-7B61-BC10-24EE-E812033BFD90}.Release|Any CPU.ActiveCfg = Release|Any CPU
		{5693CB52-7B61-BC10-24EE-E812033BFD90}.Release|Any CPU.Build.0 = Release|Any CPU
		{5693CB52-7B61-BC10-24EE-E812033BFD90}.Release|Any CPU.Deploy.0 = Release|Any CPU
		{2676CDC5-02F2-41EA-B433-FC33D7C73503}.Debug|Any CPU.ActiveCfg = Debug|Any CPU
		{2676CDC5-02F2-41EA-B433-FC33D7C73503}.Debug|Any CPU.Build.0 = Debug|Any CPU
		{2676CDC5-02F2-41EA-B433-FC33D7C73503}.Release|Any CPU.ActiveCfg = Release|Any CPU
		{2676CDC5-02F2-41EA-B433-FC33D7C73503}.Release|Any CPU.Build.0 = Release|Any CPU
		{1D1FD6AD-B873-483D-9CBC-463FB5AFC538}.Debug|Any CPU.ActiveCfg = Debug|Any CPU
		{1D1FD6AD-B873-483D-9CBC-463FB5AFC538}.Debug|Any CPU.Build.0 = Debug|Any CPU
		{1D1FD6AD-B873-483D-9CBC-463FB5AFC538}.Release|Any CPU.ActiveCfg = Release|Any CPU
		{1D1FD6AD-B873-483D-9CBC-463FB5AFC538}.Release|Any CPU.Build.0 = Release|Any CPU
		{66284AE2-E1FB-4168-A979-EFC4FF8E2518}.Debug|Any CPU.ActiveCfg = Debug|Any CPU
		{66284AE2-E1FB-4168-A979-EFC4FF8E2518}.Debug|Any CPU.Build.0 = Debug|Any CPU
		{66284AE2-E1FB-4168-A979-EFC4FF8E2518}.Release|Any CPU.ActiveCfg = Release|Any CPU
		{66284AE2-E1FB-4168-A979-EFC4FF8E2518}.Release|Any CPU.Build.0 = Release|Any CPU
		{61847CAE-3FBB-44D9-9B12-4389B96AA797}.Debug|Any CPU.ActiveCfg = Debug|Any CPU
		{61847CAE-3FBB-44D9-9B12-4389B96AA797}.Debug|Any CPU.Build.0 = Debug|Any CPU
		{61847CAE-3FBB-44D9-9B12-4389B96AA797}.Release|Any CPU.ActiveCfg = Release|Any CPU
		{61847CAE-3FBB-44D9-9B12-4389B96AA797}.Release|Any CPU.Build.0 = Release|Any CPU
	EndGlobalSection
	GlobalSection(SolutionProperties) = preSolution
		HideSolutionNode = FALSE
	EndGlobalSection
	GlobalSection(ExtensibilityGlobals) = postSolution
		SolutionGuid = {B9924739-4314-464B-B103-44C1E34083E7}
	EndGlobalSection
EndGlobal
